<Solution>
  <Configurations>
    <Platform Name="Any CPU" />
    <Platform Name="x64" />
  </Configurations>
  <Project Path="../../../../../../../../tools/OSEP/AV-Evasion/HelperVBA/HelperVBA/HelperVBA.csproj" Id="2aad8523-27cc-4b4b-bf25-c29a85d71d0e">
    <BuildType Solution="Debug|x64" Project="Release" />
    <Platform Solution="*|x64" Project="x64" />
  </Project>
</Solution>
